{
  "requires": true,
  "lockfileVersion": 1,
  "dependencies": {
    "@tailwindcss/forms": {
      "version": "0.5.2",
      "resolved": "https://registry.npmjs.org/@tailwindcss/forms/-/forms-0.5.2.tgz",
      "integrity": "sha512-pSrFeJB6Bg1Mrg9CdQW3+hqZXAKsBrSG9MAfFLKy1pVA4Mb4W7C0k7mEhlmS2Dfo/otxrQOET7NJiJ9RrS563w==",
      "requires": {
        "mini-svg-data-uri": "^1.2.3"
      }
    },
    "mini-svg-data-uri": {
      "version": "1.4.4",
      "resolved": "https://registry.npmjs.org/mini-svg-data-uri/-/mini-svg-data-uri-1.4.4.tgz",
      "integrity": "sha512-r9deDe9p5FJUPZAk3A59wGH7Ii9YrjjWw0jmw/liSbHl2CHiyXj6FcDXDu2K3TjVAXqiJdaw3xxwlZZr9E6nHg=="
    }
  }
}
